
Microsoft Visual Studio Solution File, Format Version 12.00
# Visual Studio 2012
Project("{8BC9CEB8-8B4A-11D0-8D11-00A0C91BC942}") = "DataStructExam", "DataStructExam\DataStructExam.vcxproj", "{D2DA2A45-FB2E-439C-9258-545FA47FB928}"
EndProject
Global
	GlobalSection(SolutionConfigurationPlatforms) = preSolution
		Debug|Win32 = Debug|Win32
		Release|Win32 = Release|Win32
	EndGlobalSection
	GlobalSection(ProjectConfigurationPlatforms) = postSolution
		{D2DA2A45-FB2E-439C-9258-545FA47FB928}.Debug|Win32.ActiveCfg = Debug|Win32
		{D2DA2A45-FB2E-439C-9258-545FA47FB928}.Debug|Win32.Build.0 = Debug|Win32
		{D2DA2A45-FB2E-439C-9258-545FA47FB928}.Release|Win32.ActiveCfg = Release|Win32
		{D2DA2A45-FB2E-439C-9258-545FA47FB928}.Release|Win32.Build.0 = Release|Win32
	EndGlobalSection
	GlobalSection(SolutionProperties) = preSolution
		HideSolutionNode = FALSE
	EndGlobalSection
EndGlobal
